<?xml version="1.0" encoding="utf-8"?>
<Project ToolsVersion="4.0" xmlns="http://schemas.microsoft.com/developer/msbuild/2003">
  <ItemGroup>
    <Filter Include="源文件">
      <UniqueIdentifier>{d1d81208-4b62-44b9-b4aa-485e85582c9a}</UniqueIdentifier>
    </Filter>
    <Filter Include="生成的文件">
      <UniqueIdentifier>{c1bf6aa3-232a-477a-9c7c-9e3e3c92e627}</UniqueIdentifier>
      <SourceControlFiles>False</SourceControlFiles>
    </Filter>
  </ItemGroup>
  <ItemGroup>
    <None Include="DirShellps.def" />
  </ItemGroup>
  <ItemGroup>
    <ClCompile Include="DirShell_i.c">
      <Filter>生成的文件</Filter>
    </ClCompile>
    <ClCompile Include="DirShell_p.c">
      <Filter>生成的文件</Filter>
    </ClCompile>
    <ClCompile Include="dlldata.c">
      <Filter>生成的文件</Filter>
    </ClCompile>
  </ItemGroup>
</Project>